
Microsoft Visual Studio Solution File, Format Version 12.00
# Visual Studio Version 16
VisualStudioVersion = 16.0.30717.126
MinimumVisualStudioVersion = 10.0.40219.1
Project("{9A19103F-16F7-4668-BE54-9A1E7A4F7556}") = "PMA.Sop.Core", "PMA.Sop.Core\PMA.Sop.Core.csproj", "{D02D993B-75C0-4B67-BB21-6C6F56CC43C6}"
EndProject
Project("{9A19103F-16F7-4668-BE54-9A1E7A4F7556}") = "PMA.Sop.DAL", "PMA.Sop.DAL\PMA.Sop.DAL.csproj", "{014D530D-18B3-41DA-BC5E-3738575774E5}"
EndProject
Project("{2150E333-8FDC-42A3-9474-1A3956D46DE8}") = "src", "src", "{32732DB8-4845-4B24-8796-976E902C452D}"
EndProject
Project("{2150E333-8FDC-42A3-9474-1A3956D46DE8}") = "PMA.Endpoints", "PMA.Endpoints", "{D8914DC0-7540-41B9-8793-FB173F11DF9F}"
EndProject
Project("{9A19103F-16F7-4668-BE54-9A1E7A4F7556}") = "PMA.Sop.Web", "PMA.Sop.Web\PMA.Sop.Web.csproj", "{F531F2E0-E504-449B-8871-75AA84A7C1F3}"
EndProject
Project("{2150E333-8FDC-42A3-9474-1A3956D46DE8}") = "test", "test", "{FF7B2B2B-E04D-4C6E-8A5D-A9E99CBCD689}"
EndProject
Project("{2150E333-8FDC-42A3-9474-1A3956D46DE8}") = "PMA.Core", "PMA.Core", "{D625362F-3D8D-4F4C-A17B-44615D6F5128}"
EndProject
Project("{2150E333-8FDC-42A3-9474-1A3956D46DE8}") = "PMA.Framework", "PMA.Framework", "{0F8BD708-74C1-46F3-A0DE-9B66558C1BD7}"
EndProject
Project("{9A19103F-16F7-4668-BE54-9A1E7A4F7556}") = "PMA.Sop.Resources", "PMA.Sop.Resources\PMA.Sop.Resources.csproj", "{D926E837-F466-4EA7-8498-DEB839197DDF}"
EndProject
Project("{FAE04EC0-301F-11D3-BF4B-00C04F79EFBC}") = "PMA.Sop.Domain", "PMA.Sop.Domain\PMA.Sop.Domain.csproj", "{4FF891EA-2DF0-41E3-A502-6C54B9B4ABA7}"
EndProject
Project("{2150E333-8FDC-42A3-9474-1A3956D46DE8}") = "PMA.Infrastructures", "PMA.Infrastructures", "{7705FC7A-C456-4D8E-A7E5-0CF9C9234CCF}"
EndProject
Project("{FAE04EC0-301F-11D3-BF4B-00C04F79EFBC}") = "PMA.Sop.Framework", "PMA.Sop.Framework\PMA.Sop.Framework.csproj", "{EA4692DA-1BD1-4EF4-A1E3-5CF0790B1D44}"
EndProject
Global
	GlobalSection(SolutionConfigurationPlatforms) = preSolution
		Debug|Any CPU = Debug|Any CPU
		Release|Any CPU = Release|Any CPU
	EndGlobalSection
	GlobalSection(ProjectConfigurationPlatforms) = postSolution
		{D02D993B-75C0-4B67-BB21-6C6F56CC43C6}.Debug|Any CPU.ActiveCfg = Debug|Any CPU
		{D02D993B-75C0-4B67-BB21-6C6F56CC43C6}.Debug|Any CPU.Build.0 = Debug|Any CPU
		{D02D993B-75C0-4B67-BB21-6C6F56CC43C6}.Release|Any CPU.ActiveCfg = Release|Any CPU
		{D02D993B-75C0-4B67-BB21-6C6F56CC43C6}.Release|Any CPU.Build.0 = Release|Any CPU
		{014D530D-18B3-41DA-BC5E-3738575774E5}.Debug|Any CPU.ActiveCfg = Debug|Any CPU
		{014D530D-18B3-41DA-BC5E-3738575774E5}.Debug|Any CPU.Build.0 = Debug|Any CPU
		{014D530D-18B3-41DA-BC5E-3738575774E5}.Release|Any CPU.ActiveCfg = Release|Any CPU
		{014D530D-18B3-41DA-BC5E-3738575774E5}.Release|Any CPU.Build.0 = Release|Any CPU
		{F531F2E0-E504-449B-8871-75AA84A7C1F3}.Debug|Any CPU.ActiveCfg = Debug|Any CPU
		{F531F2E0-E504-449B-8871-75AA84A7C1F3}.Debug|Any CPU.Build.0 = Debug|Any CPU
		{F531F2E0-E504-449B-8871-75AA84A7C1F3}.Release|Any CPU.ActiveCfg = Release|Any CPU
		{F531F2E0-E504-449B-8871-75AA84A7C1F3}.Release|Any CPU.Build.0 = Release|Any CPU
		{D926E837-F466-4EA7-8498-DEB839197DDF}.Debug|Any CPU.ActiveCfg = Debug|Any CPU
		{D926E837-F466-4EA7-8498-DEB839197DDF}.Debug|Any CPU.Build.0 = Debug|Any CPU
		{D926E837-F466-4EA7-8498-DEB839197DDF}.Release|Any CPU.ActiveCfg = Release|Any CPU
		{D926E837-F466-4EA7-8498-DEB839197DDF}.Release|Any CPU.Build.0 = Release|Any CPU
		{4FF891EA-2DF0-41E3-A502-6C54B9B4ABA7}.Debug|Any CPU.ActiveCfg = Debug|Any CPU
		{4FF891EA-2DF0-41E3-A502-6C54B9B4ABA7}.Debug|Any CPU.Build.0 = Debug|Any CPU
		{4FF891EA-2DF0-41E3-A502-6C54B9B4ABA7}.Release|Any CPU.ActiveCfg = Release|Any CPU
		{4FF891EA-2DF0-41E3-A502-6C54B9B4ABA7}.Release|Any CPU.Build.0 = Release|Any CPU
		{EA4692DA-1BD1-4EF4-A1E3-5CF0790B1D44}.Debug|Any CPU.ActiveCfg = Debug|Any CPU
		{EA4692DA-1BD1-4EF4-A1E3-5CF0790B1D44}.Debug|Any CPU.Build.0 = Debug|Any CPU
		{EA4692DA-1BD1-4EF4-A1E3-5CF0790B1D44}.Release|Any CPU.ActiveCfg = Release|Any CPU
		{EA4692DA-1BD1-4EF4-A1E3-5CF0790B1D44}.Release|Any CPU.Build.0 = Release|Any CPU
	EndGlobalSection
	GlobalSection(SolutionProperties) = preSolution
		HideSolutionNode = FALSE
	EndGlobalSection
	GlobalSection(NestedProjects) = preSolution
		{D02D993B-75C0-4B67-BB21-6C6F56CC43C6} = {D625362F-3D8D-4F4C-A17B-44615D6F5128}
		{014D530D-18B3-41DA-BC5E-3738575774E5} = {7705FC7A-C456-4D8E-A7E5-0CF9C9234CCF}
		{D8914DC0-7540-41B9-8793-FB173F11DF9F} = {32732DB8-4845-4B24-8796-976E902C452D}
		{F531F2E0-E504-449B-8871-75AA84A7C1F3} = {D8914DC0-7540-41B9-8793-FB173F11DF9F}
		{D625362F-3D8D-4F4C-A17B-44615D6F5128} = {32732DB8-4845-4B24-8796-976E902C452D}
		{0F8BD708-74C1-46F3-A0DE-9B66558C1BD7} = {32732DB8-4845-4B24-8796-976E902C452D}
		{D926E837-F466-4EA7-8498-DEB839197DDF} = {D625362F-3D8D-4F4C-A17B-44615D6F5128}
		{4FF891EA-2DF0-41E3-A502-6C54B9B4ABA7} = {D625362F-3D8D-4F4C-A17B-44615D6F5128}
		{7705FC7A-C456-4D8E-A7E5-0CF9C9234CCF} = {32732DB8-4845-4B24-8796-976E902C452D}
		{EA4692DA-1BD1-4EF4-A1E3-5CF0790B1D44} = {0F8BD708-74C1-46F3-A0DE-9B66558C1BD7}
	EndGlobalSection
	GlobalSection(ExtensibilityGlobals) = postSolution
		SolutionGuid = {1C19DD95-89E2-4C49-872C-33B6B1EEB588}
	EndGlobalSection
EndGlobal
